{
  "name": "Canchera",
  "lockfileVersion": 2,
  "requires": true,
  "packages": {
    "": {
      "dependencies": {
        "@emailjs/browser": "^3.4.0"
      }
    },
    "node_modules/@emailjs/browser": {
      "version": "3.4.0",
      "resolved": "https://registry.npmjs.org/@emailjs/browser/-/browser-3.4.0.tgz",
      "integrity": "sha512-pTR9wEj0KLrJBVWFfB6IFEwmGIod/6cfN541Y0TVN2+9Bbn+R9a8gq6GeJZ6ggbYs36J3gCTXDyVKhtxjRsjtw==",
      "engines": {
        "node": ">=14.0.0"
      }
    }
  },
  "dependencies": {
    "@emailjs/browser": {
      "version": "3.4.0",
      "resolved": "https://registry.npmjs.org/@emailjs/browser/-/browser-3.4.0.tgz",
      "integrity": "sha512-pTR9wEj0KLrJBVWFfB6IFEwmGIod/6cfN541Y0TVN2+9Bbn+R9a8gq6GeJZ6ggbYs36J3gCTXDyVKhtxjRsjtw=="
    }
  }
}
